
Microsoft Visual Studio Solution File, Format Version 12.00
# Visual Studio Version 17
VisualStudioVersion = 17.14.36518.9 d17.14
MinimumVisualStudioVersion = 10.0.40219.1
Project("{FAE04EC0-301F-11D3-BF4B-00C04F79EFBC}") = "Module4Project", "Module4Project\Module4Project.csproj", "{A73A4359-DF3A-433B-AB48-79C4FBB2BF83}"
EndProject
Global
	GlobalSection(SolutionConfigurationPlatforms) = preSolution
		Debug|Any CPU = Debug|Any CPU
		Release|Any CPU = Release|Any CPU
	EndGlobalSection
	GlobalSection(ProjectConfigurationPlatforms) = postSolution
		{A73A4359-DF3A-433B-AB48-79C4FBB2BF83}.Debug|Any CPU.ActiveCfg = Debug|Any CPU
		{A73A4359-DF3A-433B-AB48-79C4FBB2BF83}.Debug|Any CPU.Build.0 = Debug|Any CPU
		{A73A4359-DF3A-433B-AB48-79C4FBB2BF83}.Release|Any CPU.ActiveCfg = Release|Any CPU
		{A73A4359-DF3A-433B-AB48-79C4FBB2BF83}.Release|Any CPU.Build.0 = Release|Any CPU
	EndGlobalSection
	GlobalSection(SolutionProperties) = preSolution
		HideSolutionNode = FALSE
	EndGlobalSection
	GlobalSection(ExtensibilityGlobals) = postSolution
		SolutionGuid = {4EDED769-6742-461E-BD0D-D58A7C0451C4}
	EndGlobalSection
EndGlobal
